
Microsoft Visual Studio Solution File, Format Version 12.00
# Visual Studio Version 17
VisualStudioVersion = 17.0.31903.59
MinimumVisualStudioVersion = 10.0.40219.1
Project("{FAE04EC0-301F-11D3-BF4B-00C04F79EFBC}") = "api", "api\api.csproj", "{756BD01E-A0DA-4C30-8E97-639928D6AA7A}"
EndProject
Project("{FAE04EC0-301F-11D3-BF4B-00C04F79EFBC}") = "infrastructure", "infrastructure\infrastructure.csproj", "{40172664-C48F-4C86-A5C9-94E8BD78880E}"
EndProject
Project("{FAE04EC0-301F-11D3-BF4B-00C04F79EFBC}") = "services", "services\services.csproj", "{9FCDDAF2-1FAD-448C-A1A3-8ADFAEB3E9BF}"
EndProject
Project("{FAE04EC0-301F-11D3-BF4B-00C04F79EFBC}") = "Test", "Test\Test.csproj", "{1DDEA776-52E0-42AC-BC1F-54D991E818C5}"
EndProject
Global
	GlobalSection(SolutionConfigurationPlatforms) = preSolution
		Debug|Any CPU = Debug|Any CPU
		Release|Any CPU = Release|Any CPU
	EndGlobalSection
	GlobalSection(SolutionProperties) = preSolution
		HideSolutionNode = FALSE
	EndGlobalSection
	GlobalSection(ProjectConfigurationPlatforms) = postSolution
		{756BD01E-A0DA-4C30-8E97-639928D6AA7A}.Debug|Any CPU.ActiveCfg = Debug|Any CPU
		{756BD01E-A0DA-4C30-8E97-639928D6AA7A}.Debug|Any CPU.Build.0 = Debug|Any CPU
		{756BD01E-A0DA-4C30-8E97-639928D6AA7A}.Release|Any CPU.ActiveCfg = Release|Any CPU
		{756BD01E-A0DA-4C30-8E97-639928D6AA7A}.Release|Any CPU.Build.0 = Release|Any CPU
		{40172664-C48F-4C86-A5C9-94E8BD78880E}.Debug|Any CPU.ActiveCfg = Debug|Any CPU
		{40172664-C48F-4C86-A5C9-94E8BD78880E}.Debug|Any CPU.Build.0 = Debug|Any CPU
		{40172664-C48F-4C86-A5C9-94E8BD78880E}.Release|Any CPU.ActiveCfg = Release|Any CPU
		{40172664-C48F-4C86-A5C9-94E8BD78880E}.Release|Any CPU.Build.0 = Release|Any CPU
		{9FCDDAF2-1FAD-448C-A1A3-8ADFAEB3E9BF}.Debug|Any CPU.ActiveCfg = Debug|Any CPU
		{9FCDDAF2-1FAD-448C-A1A3-8ADFAEB3E9BF}.Debug|Any CPU.Build.0 = Debug|Any CPU
		{9FCDDAF2-1FAD-448C-A1A3-8ADFAEB3E9BF}.Release|Any CPU.ActiveCfg = Release|Any CPU
		{9FCDDAF2-1FAD-448C-A1A3-8ADFAEB3E9BF}.Release|Any CPU.Build.0 = Release|Any CPU
		{1DDEA776-52E0-42AC-BC1F-54D991E818C5}.Debug|Any CPU.ActiveCfg = Debug|Any CPU
		{1DDEA776-52E0-42AC-BC1F-54D991E818C5}.Debug|Any CPU.Build.0 = Debug|Any CPU
		{1DDEA776-52E0-42AC-BC1F-54D991E818C5}.Release|Any CPU.ActiveCfg = Release|Any CPU
		{1DDEA776-52E0-42AC-BC1F-54D991E818C5}.Release|Any CPU.Build.0 = Release|Any CPU
	EndGlobalSection
EndGlobal
